
Microsoft Visual Studio Solution File, Format Version 12.00
Project("{FAE04EC0-301F-11D3-BF4B-00C04F79EFBC}") = "Melnikov.Blazor.Clean.Web.UI", "Melnikov.Blazor.Clean.Web.UI\Melnikov.Blazor.Clean.Web.UI.csproj", "{F9E62527-1B0E-4BD9-8206-2C09A27C6256}"
EndProject
Project("{FAE04EC0-301F-11D3-BF4B-00C04F79EFBC}") = "Melnikov.Blazor.Clean.Domain", "Melnikov.Blazor.Clean.Domain\Melnikov.Blazor.Clean.Domain.csproj", "{901CEFB5-6F32-43DA-BF10-42D350EC95E3}"
EndProject
Project("{FAE04EC0-301F-11D3-BF4B-00C04F79EFBC}") = "Melnikov.Blazor.Clean.Application", "Melnikov.Blazor.Clean.Application\Melnikov.Blazor.Clean.Application.csproj", "{0C89D821-0C24-4F15-899A-0B68A92D37A5}"
EndProject
Project("{FAE04EC0-301F-11D3-BF4B-00C04F79EFBC}") = "Melnikov.Blazor.Clean.Infrastructure", "Melnikov.Blazor.Clean.Infrastructure\Melnikov.Blazor.Clean.Infrastructure.csproj", "{C29A8ED5-DDF9-4270-B6F7-3936FA371613}"
EndProject
Global
	GlobalSection(SolutionConfigurationPlatforms) = preSolution
		Debug|Any CPU = Debug|Any CPU
		Release|Any CPU = Release|Any CPU
	EndGlobalSection
	GlobalSection(ProjectConfigurationPlatforms) = postSolution
		{F9E62527-1B0E-4BD9-8206-2C09A27C6256}.Debug|Any CPU.ActiveCfg = Debug|Any CPU
		{F9E62527-1B0E-4BD9-8206-2C09A27C6256}.Debug|Any CPU.Build.0 = Debug|Any CPU
		{F9E62527-1B0E-4BD9-8206-2C09A27C6256}.Release|Any CPU.ActiveCfg = Release|Any CPU
		{F9E62527-1B0E-4BD9-8206-2C09A27C6256}.Release|Any CPU.Build.0 = Release|Any CPU
		{901CEFB5-6F32-43DA-BF10-42D350EC95E3}.Debug|Any CPU.ActiveCfg = Debug|Any CPU
		{901CEFB5-6F32-43DA-BF10-42D350EC95E3}.Debug|Any CPU.Build.0 = Debug|Any CPU
		{901CEFB5-6F32-43DA-BF10-42D350EC95E3}.Release|Any CPU.ActiveCfg = Release|Any CPU
		{901CEFB5-6F32-43DA-BF10-42D350EC95E3}.Release|Any CPU.Build.0 = Release|Any CPU
		{0C89D821-0C24-4F15-899A-0B68A92D37A5}.Debug|Any CPU.ActiveCfg = Debug|Any CPU
		{0C89D821-0C24-4F15-899A-0B68A92D37A5}.Debug|Any CPU.Build.0 = Debug|Any CPU
		{0C89D821-0C24-4F15-899A-0B68A92D37A5}.Release|Any CPU.ActiveCfg = Release|Any CPU
		{0C89D821-0C24-4F15-899A-0B68A92D37A5}.Release|Any CPU.Build.0 = Release|Any CPU
		{C29A8ED5-DDF9-4270-B6F7-3936FA371613}.Debug|Any CPU.ActiveCfg = Debug|Any CPU
		{C29A8ED5-DDF9-4270-B6F7-3936FA371613}.Debug|Any CPU.Build.0 = Debug|Any CPU
		{C29A8ED5-DDF9-4270-B6F7-3936FA371613}.Release|Any CPU.ActiveCfg = Release|Any CPU
		{C29A8ED5-DDF9-4270-B6F7-3936FA371613}.Release|Any CPU.Build.0 = Release|Any CPU
	EndGlobalSection
EndGlobal
